
Microsoft Visual Studio Solution File, Format Version 12.00
# Visual Studio Version 17
VisualStudioVersion = 17.2.32516.85
MinimumVisualStudioVersion = 10.0.40219.1
Project("{9A19103F-16F7-4668-BE54-9A1E7A4F7556}") = "CB.API", "CB.API\CB.API.csproj", "{0A9532D7-304A-4A26-B21B-6F05C656F9EB}"
EndProject
Project("{FAE04EC0-301F-11D3-BF4B-00C04F79EFBC}") = "CB.Infra.IoC", "CB.Infra.IoC\CB.Infra.IoC.csproj", "{09E70F79-F1CE-4D08-BB20-239BF82AFD98}"
EndProject
Project("{FAE04EC0-301F-11D3-BF4B-00C04F79EFBC}") = "CB.Infra.Data", "CB.Infra.Data\CB.Infra.Data.csproj", "{2E0E29D0-8591-4DBA-A353-99D7C0FA06FE}"
EndProject
Project("{FAE04EC0-301F-11D3-BF4B-00C04F79EFBC}") = "CB.Core.Domain", "CB.Core.Domain\CB.Core.Domain.csproj", "{27D052BF-3F55-4290-A460-326D12AABA14}"
EndProject
Project("{FAE04EC0-301F-11D3-BF4B-00C04F79EFBC}") = "CB.Core.Service", "CB.Core.Service\CB.Core.Service.csproj", "{4FE28481-1465-4FF2-AA6D-75169B55AAAC}"
EndProject
Project("{2150E333-8FDC-42A3-9474-1A3956D46DE8}") = "Solution Items", "Solution Items", "{1D54D327-93A6-4250-80AC-3C63A2084418}"
	ProjectSection(SolutionItems) = preProject
		docker-compose.yml = docker-compose.yml
		Dockerfile = Dockerfile
		heroku.yml = heroku.yml
		README.md = README.md
	EndProjectSection
EndProject
Global
	GlobalSection(SolutionConfigurationPlatforms) = preSolution
		Debug|Any CPU = Debug|Any CPU
		Release|Any CPU = Release|Any CPU
	EndGlobalSection
	GlobalSection(ProjectConfigurationPlatforms) = postSolution
		{0A9532D7-304A-4A26-B21B-6F05C656F9EB}.Debug|Any CPU.ActiveCfg = Debug|Any CPU
		{0A9532D7-304A-4A26-B21B-6F05C656F9EB}.Debug|Any CPU.Build.0 = Debug|Any CPU
		{0A9532D7-304A-4A26-B21B-6F05C656F9EB}.Release|Any CPU.ActiveCfg = Release|Any CPU
		{0A9532D7-304A-4A26-B21B-6F05C656F9EB}.Release|Any CPU.Build.0 = Release|Any CPU
		{09E70F79-F1CE-4D08-BB20-239BF82AFD98}.Debug|Any CPU.ActiveCfg = Debug|Any CPU
		{09E70F79-F1CE-4D08-BB20-239BF82AFD98}.Debug|Any CPU.Build.0 = Debug|Any CPU
		{09E70F79-F1CE-4D08-BB20-239BF82AFD98}.Release|Any CPU.ActiveCfg = Release|Any CPU
		{09E70F79-F1CE-4D08-BB20-239BF82AFD98}.Release|Any CPU.Build.0 = Release|Any CPU
		{2E0E29D0-8591-4DBA-A353-99D7C0FA06FE}.Debug|Any CPU.ActiveCfg = Debug|Any CPU
		{2E0E29D0-8591-4DBA-A353-99D7C0FA06FE}.Debug|Any CPU.Build.0 = Debug|Any CPU
		{2E0E29D0-8591-4DBA-A353-99D7C0FA06FE}.Release|Any CPU.ActiveCfg = Release|Any CPU
		{2E0E29D0-8591-4DBA-A353-99D7C0FA06FE}.Release|Any CPU.Build.0 = Release|Any CPU
		{27D052BF-3F55-4290-A460-326D12AABA14}.Debug|Any CPU.ActiveCfg = Debug|Any CPU
		{27D052BF-3F55-4290-A460-326D12AABA14}.Debug|Any CPU.Build.0 = Debug|Any CPU
		{27D052BF-3F55-4290-A460-326D12AABA14}.Release|Any CPU.ActiveCfg = Release|Any CPU
		{27D052BF-3F55-4290-A460-326D12AABA14}.Release|Any CPU.Build.0 = Release|Any CPU
		{4FE28481-1465-4FF2-AA6D-75169B55AAAC}.Debug|Any CPU.ActiveCfg = Debug|Any CPU
		{4FE28481-1465-4FF2-AA6D-75169B55AAAC}.Debug|Any CPU.Build.0 = Debug|Any CPU
		{4FE28481-1465-4FF2-AA6D-75169B55AAAC}.Release|Any CPU.ActiveCfg = Release|Any CPU
		{4FE28481-1465-4FF2-AA6D-75169B55AAAC}.Release|Any CPU.Build.0 = Release|Any CPU
	EndGlobalSection
	GlobalSection(SolutionProperties) = preSolution
		HideSolutionNode = FALSE
	EndGlobalSection
	GlobalSection(ExtensibilityGlobals) = postSolution
		SolutionGuid = {C3B284D5-2E25-4E3E-951C-4E3F7A379A4F}
	EndGlobalSection
EndGlobal
